
Microsoft Visual Studio Solution File, Format Version 12.00
# Visual Studio Version 17
VisualStudioVersion = 17.11.35303.130
MinimumVisualStudioVersion = 10.0.40219.1
Project("{FAE04EC0-301F-11D3-BF4B-00C04F79EFBC}") = "Biggest from 3", "Biggest from 3\Biggest from 3.csproj", "{ABA9350E-2165-40EF-B6F1-47ADFF88E30F}"
EndProject
Global
	GlobalSection(SolutionConfigurationPlatforms) = preSolution
		Debug|Any CPU = Debug|Any CPU
		Release|Any CPU = Release|Any CPU
	EndGlobalSection
	GlobalSection(ProjectConfigurationPlatforms) = postSolution
		{ABA9350E-2165-40EF-B6F1-47ADFF88E30F}.Debug|Any CPU.ActiveCfg = Debug|Any CPU
		{ABA9350E-2165-40EF-B6F1-47ADFF88E30F}.Debug|Any CPU.Build.0 = Debug|Any CPU
		{ABA9350E-2165-40EF-B6F1-47ADFF88E30F}.Release|Any CPU.ActiveCfg = Release|Any CPU
		{ABA9350E-2165-40EF-B6F1-47ADFF88E30F}.Release|Any CPU.Build.0 = Release|Any CPU
	EndGlobalSection
	GlobalSection(SolutionProperties) = preSolution
		HideSolutionNode = FALSE
	EndGlobalSection
	GlobalSection(ExtensibilityGlobals) = postSolution
		SolutionGuid = {FF7E1C33-58E8-4A20-9F01-F454D442B65B}
	EndGlobalSection
EndGlobal
